
Microsoft Visual Studio Solution File, Format Version 12.00
# Visual Studio 15
VisualStudioVersion = 15.0.28010.2046
MinimumVisualStudioVersion = 10.0.40219.1
Project("{FAE04EC0-301F-11D3-BF4B-00C04F79EFBC}") = "MobileBanking.Android", "MobileBanking\MobileBanking.Android\MobileBanking.Android.csproj", "{24CE3C36-16B9-426D-AA0C-5961ECF8D88C}"
EndProject
Project("{FAE04EC0-301F-11D3-BF4B-00C04F79EFBC}") = "MobileBanking.iOS", "MobileBanking\MobileBanking.iOS\MobileBanking.iOS.csproj", "{24702E9F-D882-4631-8943-3666067A05B8}"
EndProject
Project("{D954291E-2A0B-460D-934E-DC6B0785DB48}") = "MobileBanking", "MobileBanking\MobileBanking\MobileBanking.shproj", "{64389177-5E2E-440C-B356-574A7C4EDB82}"
EndProject
Global
	GlobalSection(SharedMSBuildProjectFiles) = preSolution
		MobileBanking\MobileBanking\MobileBanking.projitems*{24702e9f-d882-4631-8943-3666067a05b8}*SharedItemsImports = 4
		MobileBanking\MobileBanking\MobileBanking.projitems*{24ce3c36-16b9-426d-aa0c-5961ecf8d88c}*SharedItemsImports = 4
		MobileBanking\MobileBanking\MobileBanking.projitems*{64389177-5e2e-440c-b356-574a7c4edb82}*SharedItemsImports = 13
	EndGlobalSection
	GlobalSection(SolutionConfigurationPlatforms) = preSolution
		Debug|Any CPU = Debug|Any CPU
		Debug|iPhone = Debug|iPhone
		Debug|iPhoneSimulator = Debug|iPhoneSimulator
		Release|Any CPU = Release|Any CPU
		Release|iPhone = Release|iPhone
		Release|iPhoneSimulator = Release|iPhoneSimulator
	EndGlobalSection
	GlobalSection(ProjectConfigurationPlatforms) = postSolution
		{24CE3C36-16B9-426D-AA0C-5961ECF8D88C}.Debug|Any CPU.ActiveCfg = Debug|Any CPU
		{24CE3C36-16B9-426D-AA0C-5961ECF8D88C}.Debug|Any CPU.Build.0 = Debug|Any CPU
		{24CE3C36-16B9-426D-AA0C-5961ECF8D88C}.Debug|Any CPU.Deploy.0 = Debug|Any CPU
		{24CE3C36-16B9-426D-AA0C-5961ECF8D88C}.Debug|iPhone.ActiveCfg = Debug|Any CPU
		{24CE3C36-16B9-426D-AA0C-5961ECF8D88C}.Debug|iPhone.Build.0 = Debug|Any CPU
		{24CE3C36-16B9-426D-AA0C-5961ECF8D88C}.Debug|iPhone.Deploy.0 = Debug|Any CPU
		{24CE3C36-16B9-426D-AA0C-5961ECF8D88C}.Debug|iPhoneSimulator.ActiveCfg = Debug|Any CPU
		{24CE3C36-16B9-426D-AA0C-5961ECF8D88C}.Debug|iPhoneSimulator.Build.0 = Debug|Any CPU
		{24CE3C36-16B9-426D-AA0C-5961ECF8D88C}.Debug|iPhoneSimulator.Deploy.0 = Debug|Any CPU
		{24CE3C36-16B9-426D-AA0C-5961ECF8D88C}.Release|Any CPU.ActiveCfg = Release|Any CPU
		{24CE3C36-16B9-426D-AA0C-5961ECF8D88C}.Release|Any CPU.Build.0 = Release|Any CPU
		{24CE3C36-16B9-426D-AA0C-5961ECF8D88C}.Release|Any CPU.Deploy.0 = Release|Any CPU
		{24CE3C36-16B9-426D-AA0C-5961ECF8D88C}.Release|iPhone.ActiveCfg = Release|Any CPU
		{24CE3C36-16B9-426D-AA0C-5961ECF8D88C}.Release|iPhone.Build.0 = Release|Any CPU
		{24CE3C36-16B9-426D-AA0C-5961ECF8D88C}.Release|iPhone.Deploy.0 = Release|Any CPU
		{24CE3C36-16B9-426D-AA0C-5961ECF8D88C}.Release|iPhoneSimulator.ActiveCfg = Release|Any CPU
		{24CE3C36-16B9-426D-AA0C-5961ECF8D88C}.Release|iPhoneSimulator.Build.0 = Release|Any CPU
		{24CE3C36-16B9-426D-AA0C-5961ECF8D88C}.Release|iPhoneSimulator.Deploy.0 = Release|Any CPU
		{24702E9F-D882-4631-8943-3666067A05B8}.Debug|Any CPU.ActiveCfg = Debug|iPhoneSimulator
		{24702E9F-D882-4631-8943-3666067A05B8}.Debug|Any CPU.Build.0 = Debug|iPhoneSimulator
		{24702E9F-D882-4631-8943-3666067A05B8}.Debug|Any CPU.Deploy.0 = Debug|iPhoneSimulator
		{24702E9F-D882-4631-8943-3666067A05B8}.Debug|iPhone.ActiveCfg = Debug|iPhone
		{24702E9F-D882-4631-8943-3666067A05B8}.Debug|iPhone.Build.0 = Debug|iPhone
		{24702E9F-D882-4631-8943-3666067A05B8}.Debug|iPhone.Deploy.0 = Debug|iPhone
		{24702E9F-D882-4631-8943-3666067A05B8}.Debug|iPhoneSimulator.ActiveCfg = Debug|iPhoneSimulator
		{24702E9F-D882-4631-8943-3666067A05B8}.Debug|iPhoneSimulator.Build.0 = Debug|iPhoneSimulator
		{24702E9F-D882-4631-8943-3666067A05B8}.Debug|iPhoneSimulator.Deploy.0 = Debug|iPhoneSimulator
		{24702E9F-D882-4631-8943-3666067A05B8}.Release|Any CPU.ActiveCfg = Release|iPhone
		{24702E9F-D882-4631-8943-3666067A05B8}.Release|Any CPU.Build.0 = Release|iPhone
		{24702E9F-D882-4631-8943-3666067A05B8}.Release|Any CPU.Deploy.0 = Release|iPhone
		{24702E9F-D882-4631-8943-3666067A05B8}.Release|iPhone.ActiveCfg = Release|iPhone
		{24702E9F-D882-4631-8943-3666067A05B8}.Release|iPhone.Build.0 = Release|iPhone
		{24702E9F-D882-4631-8943-3666067A05B8}.Release|iPhone.Deploy.0 = Release|iPhone
		{24702E9F-D882-4631-8943-3666067A05B8}.Release|iPhoneSimulator.ActiveCfg = Release|iPhoneSimulator
		{24702E9F-D882-4631-8943-3666067A05B8}.Release|iPhoneSimulator.Build.0 = Release|iPhoneSimulator
		{24702E9F-D882-4631-8943-3666067A05B8}.Release|iPhoneSimulator.Deploy.0 = Release|iPhoneSimulator
	EndGlobalSection
	GlobalSection(SolutionProperties) = preSolution
		HideSolutionNode = FALSE
	EndGlobalSection
	GlobalSection(ExtensibilityGlobals) = postSolution
		SolutionGuid = {581CF4D3-C681-4FA7-A252-14D919CC54CA}
	EndGlobalSection
EndGlobal
